
Microsoft Visual Studio Solution File, Format Version 12.00
# Visual Studio Version 18
VisualStudioVersion = 18.3.11304.161
MinimumVisualStudioVersion = 10.0.40219.1
Project("{2150E333-8FDC-42A3-9474-1A3956D46DE8}") = "src", "src", "{02EA681E-C7D8-13C7-8484-4AC65E1B71E8}"
EndProject
Project("{FAE04EC0-301F-11D3-BF4B-00C04F79EFBC}") = "Mezon.Net", "src\Mezon.Net\Mezon.Net.csproj", "{3AC905DC-C8F2-DFAA-1588-1B67FE1D1511}"
EndProject
Project("{FAE04EC0-301F-11D3-BF4B-00C04F79EFBC}") = "Mezon.Net.Core", "src\Mezon.Net.Core\Mezon.Net.Core.csproj", "{49481AFC-7FC0-5D74-2BC1-662F9DF9036A}"
EndProject
Project("{FAE04EC0-301F-11D3-BF4B-00C04F79EFBC}") = "Mezon.Net.Example", "src\Mezon.Net.Example\Mezon.Net.Example.csproj", "{056C9E85-47F6-598C-8037-ACDD789BA7DD}"
EndProject
Project("{FAE04EC0-301F-11D3-BF4B-00C04F79EFBC}") = "Mezon.Net.SDK", "src\Mezon.Net.SDK\Mezon.Net.SDK.csproj", "{1C2AD550-6526-5211-73BD-7456AADD8303}"
EndProject
Project("{2150E333-8FDC-42A3-9474-1A3956D46DE8}") = "Implementations", "Implementations", "{F2E99996-F1F9-4E6B-A628-031F8BDCE53B}"
EndProject
Project("{FAE04EC0-301F-11D3-BF4B-00C04F79EFBC}") = "Mezon.Net.Api", "src\Mezon.Net.Api\Mezon.Net.Api.csproj", "{E5CA98EA-7FFC-43A5-B811-C5C072CB4AA5}"
EndProject
Project("{FAE04EC0-301F-11D3-BF4B-00C04F79EFBC}") = "Mezon.Net.WebSocket", "src\Mezon.Net.WebSocket\Mezon.Net.WebSocket.csproj", "{C0168576-6AD2-46DA-9A14-8C0157A8760D}"
EndProject
Project("{FAE04EC0-301F-11D3-BF4B-00C04F79EFBC}") = "Mezon.Net.Transport", "src\Mezon.Net.Transport\Mezon.Net.Transport.csproj", "{FF58B9C5-3EA2-4773-B679-A52C19F76D01}"
EndProject
Project("{2150E333-8FDC-42A3-9474-1A3956D46DE8}") = "tests", "tests", "{F2010EA9-F2F9-42AB-90BD-C1D5542F1943}"
EndProject
Project("{FAE04EC0-301F-11D3-BF4B-00C04F79EFBC}") = "Mezon.Net.Transport.Tests", "tests\Mezon.Net.Transport.Tests\Mezon.Net.Transport.Tests.csproj", "{9C0E270D-9140-4773-B7BC-5E0F0ED2B3CD}"
EndProject
Global
	GlobalSection(SolutionConfigurationPlatforms) = preSolution
		Debug|Any CPU = Debug|Any CPU
		Release|Any CPU = Release|Any CPU
	EndGlobalSection
	GlobalSection(ProjectConfigurationPlatforms) = postSolution
		{3AC905DC-C8F2-DFAA-1588-1B67FE1D1511}.Debug|Any CPU.ActiveCfg = Debug|Any CPU
		{3AC905DC-C8F2-DFAA-1588-1B67FE1D1511}.Debug|Any CPU.Build.0 = Debug|Any CPU
		{3AC905DC-C8F2-DFAA-1588-1B67FE1D1511}.Release|Any CPU.ActiveCfg = Release|Any CPU
		{3AC905DC-C8F2-DFAA-1588-1B67FE1D1511}.Release|Any CPU.Build.0 = Release|Any CPU
		{49481AFC-7FC0-5D74-2BC1-662F9DF9036A}.Debug|Any CPU.ActiveCfg = Debug|Any CPU
		{49481AFC-7FC0-5D74-2BC1-662F9DF9036A}.Debug|Any CPU.Build.0 = Debug|Any CPU
		{49481AFC-7FC0-5D74-2BC1-662F9DF9036A}.Release|Any CPU.ActiveCfg = Release|Any CPU
		{49481AFC-7FC0-5D74-2BC1-662F9DF9036A}.Release|Any CPU.Build.0 = Release|Any CPU
		{056C9E85-47F6-598C-8037-ACDD789BA7DD}.Debug|Any CPU.ActiveCfg = Debug|Any CPU
		{056C9E85-47F6-598C-8037-ACDD789BA7DD}.Debug|Any CPU.Build.0 = Debug|Any CPU
		{056C9E85-47F6-598C-8037-ACDD789BA7DD}.Release|Any CPU.ActiveCfg = Release|Any CPU
		{056C9E85-47F6-598C-8037-ACDD789BA7DD}.Release|Any CPU.Build.0 = Release|Any CPU
		{1C2AD550-6526-5211-73BD-7456AADD8303}.Debug|Any CPU.ActiveCfg = Debug|Any CPU
		{1C2AD550-6526-5211-73BD-7456AADD8303}.Debug|Any CPU.Build.0 = Debug|Any CPU
		{1C2AD550-6526-5211-73BD-7456AADD8303}.Release|Any CPU.ActiveCfg = Release|Any CPU
		{1C2AD550-6526-5211-73BD-7456AADD8303}.Release|Any CPU.Build.0 = Release|Any CPU
		{E5CA98EA-7FFC-43A5-B811-C5C072CB4AA5}.Debug|Any CPU.ActiveCfg = Debug|Any CPU
		{E5CA98EA-7FFC-43A5-B811-C5C072CB4AA5}.Debug|Any CPU.Build.0 = Debug|Any CPU
		{E5CA98EA-7FFC-43A5-B811-C5C072CB4AA5}.Release|Any CPU.ActiveCfg = Release|Any CPU
		{E5CA98EA-7FFC-43A5-B811-C5C072CB4AA5}.Release|Any CPU.Build.0 = Release|Any CPU
		{C0168576-6AD2-46DA-9A14-8C0157A8760D}.Debug|Any CPU.ActiveCfg = Debug|Any CPU
		{C0168576-6AD2-46DA-9A14-8C0157A8760D}.Debug|Any CPU.Build.0 = Debug|Any CPU
		{C0168576-6AD2-46DA-9A14-8C0157A8760D}.Release|Any CPU.ActiveCfg = Release|Any CPU
		{C0168576-6AD2-46DA-9A14-8C0157A8760D}.Release|Any CPU.Build.0 = Release|Any CPU
		{FF58B9C5-3EA2-4773-B679-A52C19F76D01}.Debug|Any CPU.ActiveCfg = Debug|Any CPU
		{FF58B9C5-3EA2-4773-B679-A52C19F76D01}.Debug|Any CPU.Build.0 = Debug|Any CPU
		{FF58B9C5-3EA2-4773-B679-A52C19F76D01}.Release|Any CPU.ActiveCfg = Release|Any CPU
		{FF58B9C5-3EA2-4773-B679-A52C19F76D01}.Release|Any CPU.Build.0 = Release|Any CPU
		{9C0E270D-9140-4773-B7BC-5E0F0ED2B3CD}.Debug|Any CPU.ActiveCfg = Debug|Any CPU
		{9C0E270D-9140-4773-B7BC-5E0F0ED2B3CD}.Debug|Any CPU.Build.0 = Debug|Any CPU
		{9C0E270D-9140-4773-B7BC-5E0F0ED2B3CD}.Release|Any CPU.ActiveCfg = Release|Any CPU
		{9C0E270D-9140-4773-B7BC-5E0F0ED2B3CD}.Release|Any CPU.Build.0 = Release|Any CPU
	EndGlobalSection
	GlobalSection(SolutionProperties) = preSolution
		HideSolutionNode = FALSE
	EndGlobalSection
	GlobalSection(NestedProjects) = preSolution
		{3AC905DC-C8F2-DFAA-1588-1B67FE1D1511} = {02EA681E-C7D8-13C7-8484-4AC65E1B71E8}
		{49481AFC-7FC0-5D74-2BC1-662F9DF9036A} = {02EA681E-C7D8-13C7-8484-4AC65E1B71E8}
		{056C9E85-47F6-598C-8037-ACDD789BA7DD} = {02EA681E-C7D8-13C7-8484-4AC65E1B71E8}
		{1C2AD550-6526-5211-73BD-7456AADD8303} = {02EA681E-C7D8-13C7-8484-4AC65E1B71E8}
		{F2E99996-F1F9-4E6B-A628-031F8BDCE53B} = {02EA681E-C7D8-13C7-8484-4AC65E1B71E8}
		{E5CA98EA-7FFC-43A5-B811-C5C072CB4AA5} = {F2E99996-F1F9-4E6B-A628-031F8BDCE53B}
		{C0168576-6AD2-46DA-9A14-8C0157A8760D} = {F2E99996-F1F9-4E6B-A628-031F8BDCE53B}
		{FF58B9C5-3EA2-4773-B679-A52C19F76D01} = {02EA681E-C7D8-13C7-8484-4AC65E1B71E8}
		{9C0E270D-9140-4773-B7BC-5E0F0ED2B3CD} = {F2010EA9-F2F9-42AB-90BD-C1D5542F1943}
	EndGlobalSection
	GlobalSection(ExtensibilityGlobals) = postSolution
		SolutionGuid = {EA111F3D-3B90-4C94-9F5A-561314FB5098}
	EndGlobalSection
EndGlobal
